// !$*UTF8*$!
{
	archiveVersion = 1;
	classes = {
	};
	objectVersion = 50;
	objects = {

/* Begin PBXBuildFile section */
		32DE704B3BC626F01955117A /* Pods_DeclarantTests.framework in Frameworks */ = {isa = PBXBuildFile; fileRef = CA9B0E0FC9DE994B962C5A96 /* Pods_DeclarantTests.framework */; };
		9F21AB2A221EB0CD69F53C48 /* Pods_DeclarantUITests.framework in Frameworks */ = {isa = PBXBuildFile; fileRef = 8BFDC0A2F778334CC27A29C0 /* Pods_DeclarantUITests.framework */; };
		C7D806E147205E6E23D1EAA7 /* Pods_Declarant.framework in Frameworks */ = {isa = PBXBuildFile; fileRef = 20D8701AAF29A312CBF701A2 /* Pods_Declarant.framework */; };
		E90FFA7F23015B050009F700 /* NetworkLayer.swift in Sources */ = {isa = PBXBuildFile; fileRef = E90FFA7C23014EB40009F700 /* NetworkLayer.swift */; };
		E90FFA83230161660009F700 /* AccountModel.swift in Sources */ = {isa = PBXBuildFile; fileRef = E90FFA82230161660009F700 /* AccountModel.swift */; };
		E90FFA85230168780009F700 /* PageModel.swift in Sources */ = {isa = PBXBuildFile; fileRef = E90FFA84230168780009F700 /* PageModel.swift */; };
		E916A28B22FD4CB500F7B1E9 /* AppDelegate.swift in Sources */ = {isa = PBXBuildFile; fileRef = E916A28A22FD4CB500F7B1E9 /* AppDelegate.swift */; };
		E916A29022FD4CB500F7B1E9 /* Main.storyboard in Resources */ = {isa = PBXBuildFile; fileRef = E916A28E22FD4CB500F7B1E9 /* Main.storyboard */; };
		E916A29222FD4CBD00F7B1E9 /* Assets.xcassets in Resources */ = {isa = PBXBuildFile; fileRef = E916A29122FD4CBD00F7B1E9 /* Assets.xcassets */; };
		E916A29522FD4CBD00F7B1E9 /* LaunchScreen.storyboard in Resources */ = {isa = PBXBuildFile; fileRef = E916A29322FD4CBD00F7B1E9 /* LaunchScreen.storyboard */; };
		E916A2A022FD4CBE00F7B1E9 /* DeclarantTests.swift in Sources */ = {isa = PBXBuildFile; fileRef = E916A29F22FD4CBE00F7B1E9 /* DeclarantTests.swift */; };
		E916A2AB22FD4CBE00F7B1E9 /* DeclarantUITests.swift in Sources */ = {isa = PBXBuildFile; fileRef = E916A2AA22FD4CBE00F7B1E9 /* DeclarantUITests.swift */; };
		E922A0AA23265FED005C7736 /* ActivityTableViewCell.swift in Sources */ = {isa = PBXBuildFile; fileRef = E922A0A823265FED005C7736 /* ActivityTableViewCell.swift */; };
		E922A0AB23265FED005C7736 /* ActivityTableViewCell.xib in Resources */ = {isa = PBXBuildFile; fileRef = E922A0A923265FED005C7736 /* ActivityTableViewCell.xib */; };
		E9CB494E230AA04900609DA1 /* AccountTableViewCell.xib in Sources */ = {isa = PBXBuildFile; fileRef = E9CB494C230AA04900609DA1 /* AccountTableViewCell.xib */; };
		E9CB494F230AA04900609DA1 /* AccountTableViewCell.swift in Sources */ = {isa = PBXBuildFile; fileRef = E9CB494D230AA04900609DA1 /* AccountTableViewCell.swift */; };
		E9CB4954230AA1F500609DA1 /* SearchViewController.swift in Sources */ = {isa = PBXBuildFile; fileRef = E9CB4953230AA1F500609DA1 /* SearchViewController.swift */; };
		E9CB4956230AA21C00609DA1 /* SearchResultViewController.swift in Sources */ = {isa = PBXBuildFile; fileRef = E9CB4955230AA21C00609DA1 /* SearchResultViewController.swift */; };
/* End PBXBuildFile section */

/* Begin PBXContainerItemProxy section */
		E916A29C22FD4CBE00F7B1E9 /* PBXContainerItemProxy */ = {
			isa = PBXContainerItemProxy;
			containerPortal = E916A27F22FD4CB500F7B1E9 /* Project object */;
			proxyType = 1;
			remoteGlobalIDString = E916A28622FD4CB500F7B1E9;
			remoteInfo = Declarant;
		};
		E916A2A722FD4CBE00F7B1E9 /* PBXContainerItemProxy */ = {
			isa = PBXContainerItemProxy;
			containerPortal = E916A27F22FD4CB500F7B1E9 /* Project object */;
			proxyType = 1;
			remoteGlobalIDString = E916A28622FD4CB500F7B1E9;
			remoteInfo = Declarant;
		};
/* End PBXContainerItemProxy section */

/* Begin PBXFileReference section */
		20D8701AAF29A312CBF701A2 /* Pods_Declarant.framework */ = {isa = PBXFileReference; explicitFileType = wrapper.framework; includeInIndex = 0; path = Pods_Declarant.framework; sourceTree = BUILT_PRODUCTS_DIR; };
		6FF35B216E87C3D7D547D2B2 /* Pods-DeclarantTests.debug.xcconfig */ = {isa = PBXFileReference; includeInIndex = 1; lastKnownFileType = text.xcconfig; name = "Pods-DeclarantTests.debug.xcconfig"; path = "Target Support Files/Pods-DeclarantTests/Pods-DeclarantTests.debug.xcconfig"; sourceTree = "<group>"; };
		8BFDC0A2F778334CC27A29C0 /* Pods_DeclarantUITests.framework */ = {isa = PBXFileReference; explicitFileType = wrapper.framework; includeInIndex = 0; path = Pods_DeclarantUITests.framework; sourceTree = BUILT_PRODUCTS_DIR; };
		A0C639526B624EC5E0CDB9F5 /* Pods-Declarant.debug.xcconfig */ = {isa = PBXFileReference; includeInIndex = 1; lastKnownFileType = text.xcconfig; name = "Pods-Declarant.debug.xcconfig"; path = "Target Support Files/Pods-Declarant/Pods-Declarant.debug.xcconfig"; sourceTree = "<group>"; };
		CA9B0E0FC9DE994B962C5A96 /* Pods_DeclarantTests.framework */ = {isa = PBXFileReference; explicitFileType = wrapper.framework; includeInIndex = 0; path = Pods_DeclarantTests.framework; sourceTree = BUILT_PRODUCTS_DIR; };
		D955252643CDF98FA796DCF8 /* Pods-Declarant.release.xcconfig */ = {isa = PBXFileReference; includeInIndex = 1; lastKnownFileType = text.xcconfig; name = "Pods-Declarant.release.xcconfig"; path = "Target Support Files/Pods-Declarant/Pods-Declarant.release.xcconfig"; sourceTree = "<group>"; };
		E6D77B068769015B9DE05C85 /* Pods-DeclarantTests.release.xcconfig */ = {isa = PBXFileReference; includeInIndex = 1; lastKnownFileType = text.xcconfig; name = "Pods-DeclarantTests.release.xcconfig"; path = "Target Support Files/Pods-DeclarantTests/Pods-DeclarantTests.release.xcconfig"; sourceTree = "<group>"; };
		E88163E9339A3764596797E0 /* Pods-DeclarantUITests.release.xcconfig */ = {isa = PBXFileReference; includeInIndex = 1; lastKnownFileType = text.xcconfig; name = "Pods-DeclarantUITests.release.xcconfig"; path = "Target Support Files/Pods-DeclarantUITests/Pods-DeclarantUITests.release.xcconfig"; sourceTree = "<group>"; };
		E8EC4DCAD60037EF2B3B8DCE /* Pods-DeclarantUITests.debug.xcconfig */ = {isa = PBXFileReference; includeInIndex = 1; lastKnownFileType = text.xcconfig; name = "Pods-DeclarantUITests.debug.xcconfig"; path = "Target Support Files/Pods-DeclarantUITests/Pods-DeclarantUITests.debug.xcconfig"; sourceTree = "<group>"; };
		E90FFA7C23014EB40009F700 /* NetworkLayer.swift */ = {isa = PBXFileReference; lastKnownFileType = sourcecode.swift; path = NetworkLayer.swift; sourceTree = "<group>"; };
		E90FFA82230161660009F700 /* AccountModel.swift */ = {isa = PBXFileReference; lastKnownFileType = sourcecode.swift; path = AccountModel.swift; sourceTree = "<group>"; };
		E90FFA84230168780009F700 /* PageModel.swift */ = {isa = PBXFileReference; lastKnownFileType = sourcecode.swift; path = PageModel.swift; sourceTree = "<group>"; };
		E916A28722FD4CB500F7B1E9 /* Declarant.app */ = {isa = PBXFileReference; explicitFileType = wrapper.application; includeInIndex = 0; path = Declarant.app; sourceTree = BUILT_PRODUCTS_DIR; };
		E916A28A22FD4CB500F7B1E9 /* AppDelegate.swift */ = {isa = PBXFileReference; lastKnownFileType = sourcecode.swift; path = AppDelegate.swift; sourceTree = "<group>"; };
		E916A28F22FD4CB500F7B1E9 /* Base */ = {isa = PBXFileReference; lastKnownFileType = file.storyboard; name = Base; path = Base.lproj/Main.storyboard; sourceTree = "<group>"; };
		E916A29122FD4CBD00F7B1E9 /* Assets.xcassets */ = {isa = PBXFileReference; lastKnownFileType = folder.assetcatalog; path = Assets.xcassets; sourceTree = "<group>"; };
		E916A29422FD4CBD00F7B1E9 /* Base */ = {isa = PBXFileReference; lastKnownFileType = file.storyboard; name = Base; path = Base.lproj/LaunchScreen.storyboard; sourceTree = "<group>"; };
		E916A29622FD4CBD00F7B1E9 /* Info.plist */ = {isa = PBXFileReference; lastKnownFileType = text.plist.xml; path = Info.plist; sourceTree = "<group>"; };
		E916A29B22FD4CBE00F7B1E9 /* DeclarantTests.xctest */ = {isa = PBXFileReference; explicitFileType = wrapper.cfbundle; includeInIndex = 0; path = DeclarantTests.xctest; sourceTree = BUILT_PRODUCTS_DIR; };
		E916A29F22FD4CBE00F7B1E9 /* DeclarantTests.swift */ = {isa = PBXFileReference; lastKnownFileType = sourcecode.swift; path = DeclarantTests.swift; sourceTree = "<group>"; };
		E916A2A122FD4CBE00F7B1E9 /* Info.plist */ = {isa = PBXFileReference; lastKnownFileType = text.plist.xml; path = Info.plist; sourceTree = "<group>"; };
		E916A2A622FD4CBE00F7B1E9 /* DeclarantUITests.xctest */ = {isa = PBXFileReference; explicitFileType = wrapper.cfbundle; includeInIndex = 0; path = DeclarantUITests.xctest; sourceTree = BUILT_PRODUCTS_DIR; };
		E916A2AA22FD4CBE00F7B1E9 /* DeclarantUITests.swift */ = {isa = PBXFileReference; lastKnownFileType = sourcecode.swift; path = DeclarantUITests.swift; sourceTree = "<group>"; };
		E916A2AC22FD4CBE00F7B1E9 /* Info.plist */ = {isa = PBXFileReference; lastKnownFileType = text.plist.xml; path = Info.plist; sourceTree = "<group>"; };
		E922A0A823265FED005C7736 /* ActivityTableViewCell.swift */ = {isa = PBXFileReference; lastKnownFileType = sourcecode.swift; path = ActivityTableViewCell.swift; sourceTree = "<group>"; };
		E922A0A923265FED005C7736 /* ActivityTableViewCell.xib */ = {isa = PBXFileReference; lastKnownFileType = file.xib; path = ActivityTableViewCell.xib; sourceTree = "<group>"; };
		E9CB494C230AA04900609DA1 /* AccountTableViewCell.xib */ = {isa = PBXFileReference; lastKnownFileType = file.xib; path = AccountTableViewCell.xib; sourceTree = "<group>"; };
		E9CB494D230AA04900609DA1 /* AccountTableViewCell.swift */ = {isa = PBXFileReference; lastKnownFileType = sourcecode.swift; path = AccountTableViewCell.swift; sourceTree = "<group>"; };
		E9CB4953230AA1F500609DA1 /* SearchViewController.swift */ = {isa = PBXFileReference; lastKnownFileType = sourcecode.swift; path = SearchViewController.swift; sourceTree = "<group>"; };
		E9CB4955230AA21C00609DA1 /* SearchResultViewController.swift */ = {isa = PBXFileReference; lastKnownFileType = sourcecode.swift; path = SearchResultViewController.swift; sourceTree = "<group>"; };
/* End PBXFileReference section */

/* Begin PBXFrameworksBuildPhase section */
		E916A28422FD4CB500F7B1E9 /* Frameworks */ = {
			isa = PBXFrameworksBuildPhase;
			buildActionMask = 2147483647;
			files = (
				C7D806E147205E6E23D1EAA7 /* Pods_Declarant.framework in Frameworks */,
			);
			runOnlyForDeploymentPostprocessing = 0;
		};
		E916A29822FD4CBE00F7B1E9 /* Frameworks */ = {
			isa = PBXFrameworksBuildPhase;
			buildActionMask = 2147483647;
			files = (
				32DE704B3BC626F01955117A /* Pods_DeclarantTests.framework in Frameworks */,
			);
			runOnlyForDeploymentPostprocessing = 0;
		};
		E916A2A322FD4CBE00F7B1E9 /* Frameworks */ = {
			isa = PBXFrameworksBuildPhase;
			buildActionMask = 2147483647;
			files = (
				9F21AB2A221EB0CD69F53C48 /* Pods_DeclarantUITests.framework in Frameworks */,
			);
			runOnlyForDeploymentPostprocessing = 0;
		};
/* End PBXFrameworksBuildPhase section */

/* Begin PBXGroup section */
		3A7292FDF2FBD6CFE29BFBEA /* Frameworks */ = {
			isa = PBXGroup;
			children = (
				20D8701AAF29A312CBF701A2 /* Pods_Declarant.framework */,
				CA9B0E0FC9DE994B962C5A96 /* Pods_DeclarantTests.framework */,
				8BFDC0A2F778334CC27A29C0 /* Pods_DeclarantUITests.framework */,
			);
			name = Frameworks;
			sourceTree = "<group>";
		};
		B7CB8D4BC31C6E04C7247613 /* Pods */ = {
			isa = PBXGroup;
			children = (
				A0C639526B624EC5E0CDB9F5 /* Pods-Declarant.debug.xcconfig */,
				D955252643CDF98FA796DCF8 /* Pods-Declarant.release.xcconfig */,
				6FF35B216E87C3D7D547D2B2 /* Pods-DeclarantTests.debug.xcconfig */,
				E6D77B068769015B9DE05C85 /* Pods-DeclarantTests.release.xcconfig */,
				E8EC4DCAD60037EF2B3B8DCE /* Pods-DeclarantUITests.debug.xcconfig */,
				E88163E9339A3764596797E0 /* Pods-DeclarantUITests.release.xcconfig */,
			);
			path = Pods;
			sourceTree = "<group>";
		};
		E90FFA7E23014ECA0009F700 /* NetworkLayer */ = {
			isa = PBXGroup;
			children = (
				E90FFA7C23014EB40009F700 /* NetworkLayer.swift */,
				E9CB4950230AA05400609DA1 /* UILayer */,
			);
			path = NetworkLayer;
			sourceTree = "<group>";
		};
		E90FFA86230169D60009F700 /* DataModels */ = {
			isa = PBXGroup;
			children = (
				E90FFA84230168780009F700 /* PageModel.swift */,
				E90FFA82230161660009F700 /* AccountModel.swift */,
			);
			path = DataModels;
			sourceTree = "<group>";
		};
		E916A27E22FD4CB500F7B1E9 = {
			isa = PBXGroup;
			children = (
				E916A28922FD4CB500F7B1E9 /* Declarant */,
				E916A29E22FD4CBE00F7B1E9 /* DeclarantTests */,
				E916A2A922FD4CBE00F7B1E9 /* DeclarantUITests */,
				E916A28822FD4CB500F7B1E9 /* Products */,
				B7CB8D4BC31C6E04C7247613 /* Pods */,
				3A7292FDF2FBD6CFE29BFBEA /* Frameworks */,
			);
			sourceTree = "<group>";
		};
		E916A28822FD4CB500F7B1E9 /* Products */ = {
			isa = PBXGroup;
			children = (
				E916A28722FD4CB500F7B1E9 /* Declarant.app */,
				E916A29B22FD4CBE00F7B1E9 /* DeclarantTests.xctest */,
				E916A2A622FD4CBE00F7B1E9 /* DeclarantUITests.xctest */,
			);
			name = Products;
			sourceTree = "<group>";
		};
		E916A28922FD4CB500F7B1E9 /* Declarant */ = {
			isa = PBXGroup;
			children = (
				E916A28A22FD4CB500F7B1E9 /* AppDelegate.swift */,
				E916A28E22FD4CB500F7B1E9 /* Main.storyboard */,
				E916A29122FD4CBD00F7B1E9 /* Assets.xcassets */,
				E916A29322FD4CBD00F7B1E9 /* LaunchScreen.storyboard */,
				E916A29622FD4CBD00F7B1E9 /* Info.plist */,
				E90FFA86230169D60009F700 /* DataModels */,
				E90FFA7E23014ECA0009F700 /* NetworkLayer */,
			);
			path = Declarant;
			sourceTree = "<group>";
		};
		E916A29E22FD4CBE00F7B1E9 /* DeclarantTests */ = {
			isa = PBXGroup;
			children = (
				E916A29F22FD4CBE00F7B1E9 /* DeclarantTests.swift */,
				E916A2A122FD4CBE00F7B1E9 /* Info.plist */,
			);
			path = DeclarantTests;
			sourceTree = "<group>";
		};
		E916A2A922FD4CBE00F7B1E9 /* DeclarantUITests */ = {
			isa = PBXGroup;
			children = (
				E916A2AA22FD4CBE00F7B1E9 /* DeclarantUITests.swift */,
				E916A2AC22FD4CBE00F7B1E9 /* Info.plist */,
			);
			path = DeclarantUITests;
			sourceTree = "<group>";
		};
		E9CB4950230AA05400609DA1 /* UILayer */ = {
			isa = PBXGroup;
			children = (
				E9CB4952230AA15F00609DA1 /* Controllers */,
				E9CB4951230AA11C00609DA1 /* Cells */,
			);
			path = UILayer;
			sourceTree = "<group>";
		};
		E9CB4951230AA11C00609DA1 /* Cells */ = {
			isa = PBXGroup;
			children = (
				E9CB494D230AA04900609DA1 /* AccountTableViewCell.swift */,
				E9CB494C230AA04900609DA1 /* AccountTableViewCell.xib */,
				E922A0A823265FED005C7736 /* ActivityTableViewCell.swift */,
				E922A0A923265FED005C7736 /* ActivityTableViewCell.xib */,
			);
			path = Cells;
			sourceTree = "<group>";
		};
		E9CB4952230AA15F00609DA1 /* Controllers */ = {
			isa = PBXGroup;
			children = (
				E9CB4953230AA1F500609DA1 /* SearchViewController.swift */,
				E9CB4955230AA21C00609DA1 /* SearchResultViewController.swift */,
			);
			path = Controllers;
			sourceTree = "<group>";
		};
/* End PBXGroup section */

/* Begin PBXNativeTarget section */
		E916A28622FD4CB500F7B1E9 /* Declarant */ = {
			isa = PBXNativeTarget;
			buildConfigurationList = E916A2AF22FD4CBE00F7B1E9 /* Build configuration list for PBXNativeTarget "Declarant" */;
			buildPhases = (
				783ECE179FBFD9D2AF4C8E76 /* [CP] Check Pods Manifest.lock */,
				E916A28322FD4CB500F7B1E9 /* Sources */,
				E916A28422FD4CB500F7B1E9 /* Frameworks */,
				E916A28522FD4CB500F7B1E9 /* Resources */,
				92E0E01433DF17F67E6EEB3E /* [CP] Embed Pods Frameworks */,
			);
			buildRules = (
			);
			dependencies = (
			);
			name = Declarant;
			productName = Declarant;
			productReference = E916A28722FD4CB500F7B1E9 /* Declarant.app */;
			productType = "com.apple.product-type.application";
		};
		E916A29A22FD4CBE00F7B1E9 /* DeclarantTests */ = {
			isa = PBXNativeTarget;
			buildConfigurationList = E916A2B222FD4CBE00F7B1E9 /* Build configuration list for PBXNativeTarget "DeclarantTests" */;
			buildPhases = (
				43A266695C0174FD6B4D8410 /* [CP] Check Pods Manifest.lock */,
				E916A29722FD4CBE00F7B1E9 /* Sources */,
				E916A29822FD4CBE00F7B1E9 /* Frameworks */,
				E916A29922FD4CBE00F7B1E9 /* Resources */,
			);
			buildRules = (
			);
			dependencies = (
				E916A29D22FD4CBE00F7B1E9 /* PBXTargetDependency */,
			);
			name = DeclarantTests;
			productName = DeclarantTests;
			productReference = E916A29B22FD4CBE00F7B1E9 /* DeclarantTests.xctest */;
			productType = "com.apple.product-type.bundle.unit-test";
		};
		E916A2A522FD4CBE00F7B1E9 /* DeclarantUITests */ = {
			isa = PBXNativeTarget;
			buildConfigurationList = E916A2B522FD4CBE00F7B1E9 /* Build configuration list for PBXNativeTarget "DeclarantUITests" */;
			buildPhases = (
				8901A6980410ADEE5882DF0F /* [CP] Check Pods Manifest.lock */,
				E916A2A222FD4CBE00F7B1E9 /* Sources */,
				E916A2A322FD4CBE00F7B1E9 /* Frameworks */,
				E916A2A422FD4CBE00F7B1E9 /* Resources */,
			);
			buildRules = (
			);
			dependencies = (
				E916A2A822FD4CBE00F7B1E9 /* PBXTargetDependency */,
			);
			name = DeclarantUITests;
			productName = DeclarantUITests;
			productReference = E916A2A622FD4CBE00F7B1E9 /* DeclarantUITests.xctest */;
			productType = "com.apple.product-type.bundle.ui-testing";
		};
/* End PBXNativeTarget section */

/* Begin PBXProject section */
		E916A27F22FD4CB500F7B1E9 /* Project object */ = {
			isa = PBXProject;
			attributes = {
				LastSwiftUpdateCheck = 1020;
				LastUpgradeCheck = 1020;
				ORGANIZATIONNAME = "Александр Крюков";
				TargetAttributes = {
					E916A28622FD4CB500F7B1E9 = {
						CreatedOnToolsVersion = 10.2;
					};
					E916A29A22FD4CBE00F7B1E9 = {
						CreatedOnToolsVersion = 10.2;
						TestTargetID = E916A28622FD4CB500F7B1E9;
					};
					E916A2A522FD4CBE00F7B1E9 = {
						CreatedOnToolsVersion = 10.2;
						TestTargetID = E916A28622FD4CB500F7B1E9;
					};
				};
			};
			buildConfigurationList = E916A28222FD4CB500F7B1E9 /* Build configuration list for PBXProject "Declarant" */;
			compatibilityVersion = "Xcode 9.3";
			developmentRegion = en;
			hasScannedForEncodings = 0;
			knownRegions = (
				en,
				Base,
			);
			mainGroup = E916A27E22FD4CB500F7B1E9;
			productRefGroup = E916A28822FD4CB500F7B1E9 /* Products */;
			projectDirPath = "";
			projectRoot = "";
			targets = (
				E916A28622FD4CB500F7B1E9 /* Declarant */,
				E916A29A22FD4CBE00F7B1E9 /* DeclarantTests */,
				E916A2A522FD4CBE00F7B1E9 /* DeclarantUITests */,
			);
		};
/* End PBXProject section */

/* Begin PBXResourcesBuildPhase section */
		E916A28522FD4CB500F7B1E9 /* Resources */ = {
			isa = PBXResourcesBuildPhase;
			buildActionMask = 2147483647;
			files = (
				E916A29522FD4CBD00F7B1E9 /* LaunchScreen.storyboard in Resources */,
				E916A29222FD4CBD00F7B1E9 /* Assets.xcassets in Resources */,
				E922A0AB23265FED005C7736 /* ActivityTableViewCell.xib in Resources */,
				E916A29022FD4CB500F7B1E9 /* Main.storyboard in Resources */,
			);
			runOnlyForDeploymentPostprocessing = 0;
		};
		E916A29922FD4CBE00F7B1E9 /* Resources */ = {
			isa = PBXResourcesBuildPhase;
			buildActionMask = 2147483647;
			files = (
			);
			runOnlyForDeploymentPostprocessing = 0;
		};
		E916A2A422FD4CBE00F7B1E9 /* Resources */ = {
			isa = PBXResourcesBuildPhase;
			buildActionMask = 2147483647;
			files = (
			);
			runOnlyForDeploymentPostprocessing = 0;
		};
/* End PBXResourcesBuildPhase section */

/* Begin PBXShellScriptBuildPhase section */
		43A266695C0174FD6B4D8410 /* [CP] Check Pods Manifest.lock */ = {
			isa = PBXShellScriptBuildPhase;
			buildActionMask = 2147483647;
			files = (
			);
			inputFileListPaths = (
			);
			inputPaths = (
				"${PODS_PODFILE_DIR_PATH}/Podfile.lock",
				"${PODS_ROOT}/Manifest.lock",
			);
			name = "[CP] Check Pods Manifest.lock";
			outputFileListPaths = (
			);
			outputPaths = (
				"$(DERIVED_FILE_DIR)/Pods-DeclarantTests-checkManifestLockResult.txt",
			);
			runOnlyForDeploymentPostprocessing = 0;
			shellPath = /bin/sh;
			shellScript = "diff \"${PODS_PODFILE_DIR_PATH}/Podfile.lock\" \"${PODS_ROOT}/Manifest.lock\" > /dev/null\nif [ $? != 0 ] ; then\n    # print error to STDERR\n    echo \"error: The sandbox is not in sync with the Podfile.lock. Run 'pod install' or update your CocoaPods installation.\" >&2\n    exit 1\nfi\n# This output is used by Xcode 'outputs' to avoid re-running this script phase.\necho \"SUCCESS\" > \"${SCRIPT_OUTPUT_FILE_0}\"\n";
			showEnvVarsInLog = 0;
		};
		783ECE179FBFD9D2AF4C8E76 /* [CP] Check Pods Manifest.lock */ = {
			isa = PBXShellScriptBuildPhase;
			buildActionMask = 2147483647;
			files = (
			);
			inputFileListPaths = (
			);
			inputPaths = (
				"${PODS_PODFILE_DIR_PATH}/Podfile.lock",
				"${PODS_ROOT}/Manifest.lock",
			);
			name = "[CP] Check Pods Manifest.lock";
			outputFileListPaths = (
			);
			outputPaths = (
				"$(DERIVED_FILE_DIR)/Pods-Declarant-checkManifestLockResult.txt",
			);
			runOnlyForDeploymentPostprocessing = 0;
			shellPath = /bin/sh;
			shellScript = "diff \"${PODS_PODFILE_DIR_PATH}/Podfile.lock\" \"${PODS_ROOT}/Manifest.lock\" > /dev/null\nif [ $? != 0 ] ; then\n    # print error to STDERR\n    echo \"error: The sandbox is not in sync with the Podfile.lock. Run 'pod install' or update your CocoaPods installation.\" >&2\n    exit 1\nfi\n# This output is used by Xcode 'outputs' to avoid re-running this script phase.\necho \"SUCCESS\" > \"${SCRIPT_OUTPUT_FILE_0}\"\n";
			showEnvVarsInLog = 0;
		};
		8901A6980410ADEE5882DF0F /* [CP] Check Pods Manifest.lock */ = {
			isa = PBXShellScriptBuildPhase;
			buildActionMask = 2147483647;
			files = (
			);
			inputFileListPaths = (
			);
			inputPaths = (
				"${PODS_PODFILE_DIR_PATH}/Podfile.lock",
				"${PODS_ROOT}/Manifest.lock",
			);
			name = "[CP] Check Pods Manifest.lock";
			outputFileListPaths = (
			);
			outputPaths = (
				"$(DERIVED_FILE_DIR)/Pods-DeclarantUITests-checkManifestLockResult.txt",
			);
			runOnlyForDeploymentPostprocessing = 0;
			shellPath = /bin/sh;
			shellScript = "diff \"${PODS_PODFILE_DIR_PATH}/Podfile.lock\" \"${PODS_ROOT}/Manifest.lock\" > /dev/null\nif [ $? != 0 ] ; then\n    # print error to STDERR\n    echo \"error: The sandbox is not in sync with the Podfile.lock. Run 'pod install' or update your CocoaPods installation.\" >&2\n    exit 1\nfi\n# This output is used by Xcode 'outputs' to avoid re-running this script phase.\necho \"SUCCESS\" > \"${SCRIPT_OUTPUT_FILE_0}\"\n";
			showEnvVarsInLog = 0;
		};
		92E0E01433DF17F67E6EEB3E /* [CP] Embed Pods Frameworks */ = {
			isa = PBXShellScriptBuildPhase;
			buildActionMask = 2147483647;
			files = (
			);
			inputFileListPaths = (
			);
			inputPaths = (
				"${PODS_ROOT}/Target Support Files/Pods-Declarant/Pods-Declarant-frameworks.sh",
				"${BUILT_PRODUCTS_DIR}/Alamofire/Alamofire.framework",
			);
			name = "[CP] Embed Pods Frameworks";
			outputFileListPaths = (
			);
			outputPaths = (
				"${TARGET_BUILD_DIR}/${FRAMEWORKS_FOLDER_PATH}/Alamofire.framework",
			);
			runOnlyForDeploymentPostprocessing = 0;
			shellPath = /bin/sh;
			shellScript = "\"${PODS_ROOT}/Target Support Files/Pods-Declarant/Pods-Declarant-frameworks.sh\"\n";
			showEnvVarsInLog = 0;
		};
/* End PBXShellScriptBuildPhase section */

/* Begin PBXSourcesBuildPhase section */
		E916A28322FD4CB500F7B1E9 /* Sources */ = {
			isa = PBXSourcesBuildPhase;
			buildActionMask = 2147483647;
			files = (
				E9CB494E230AA04900609DA1 /* AccountTableViewCell.xib in Sources */,
				E9CB4954230AA1F500609DA1 /* SearchViewController.swift in Sources */,
				E9CB494F230AA04900609DA1 /* AccountTableViewCell.swift in Sources */,
				E90FFA7F23015B050009F700 /* NetworkLayer.swift in Sources */,
				E90FFA85230168780009F700 /* PageModel.swift in Sources */,
				E916A28B22FD4CB500F7B1E9 /* AppDelegate.swift in Sources */,
				E9CB4956230AA21C00609DA1 /* SearchResultViewController.swift in Sources */,
				E90FFA83230161660009F700 /* AccountModel.swift in Sources */,
				E922A0AA23265FED005C7736 /* ActivityTableViewCell.swift in Sources */,
			);
			runOnlyForDeploymentPostprocessing = 0;
		};
		E916A29722FD4CBE00F7B1E9 /* Sources */ = {
			isa = PBXSourcesBuildPhase;
			buildActionMask = 2147483647;
			files = (
				E916A2A022FD4CBE00F7B1E9 /* DeclarantTests.swift in Sources */,
			);
			runOnlyForDeploymentPostprocessing = 0;
		};
		E916A2A222FD4CBE00F7B1E9 /* Sources */ = {
			isa = PBXSourcesBuildPhase;
			buildActionMask = 2147483647;
			files = (
				E916A2AB22FD4CBE00F7B1E9 /* DeclarantUITests.swift in Sources */,
			);
			runOnlyForDeploymentPostprocessing = 0;
		};
/* End PBXSourcesBuildPhase section */

/* Begin PBXTargetDependency section */
		E916A29D22FD4CBE00F7B1E9 /* PBXTargetDependency */ = {
			isa = PBXTargetDependency;
			target = E916A28622FD4CB500F7B1E9 /* Declarant */;
			targetProxy = E916A29C22FD4CBE00F7B1E9 /* PBXContainerItemProxy */;
		};
		E916A2A822FD4CBE00F7B1E9 /* PBXTargetDependency */ = {
			isa = PBXTargetDependency;
			target = E916A28622FD4CB500F7B1E9 /* Declarant */;
			targetProxy = E916A2A722FD4CBE00F7B1E9 /* PBXContainerItemProxy */;
		};
/* End PBXTargetDependency section */

/* Begin PBXVariantGroup section */
		E916A28E22FD4CB500F7B1E9 /* Main.storyboard */ = {
			isa = PBXVariantGroup;
			children = (
				E916A28F22FD4CB500F7B1E9 /* Base */,
			);
			name = Main.storyboard;
			sourceTree = "<group>";
		};
		E916A29322FD4CBD00F7B1E9 /* LaunchScreen.storyboard */ = {
			isa = PBXVariantGroup;
			children = (
				E916A29422FD4CBD00F7B1E9 /* Base */,
			);
			name = LaunchScreen.storyboard;
			sourceTree = "<group>";
		};
/* End PBXVariantGroup section */

/* Begin XCBuildConfiguration section */
		E916A2AD22FD4CBE00F7B1E9 /* Debug */ = {
			isa = XCBuildConfiguration;
			buildSettings = {
				ALWAYS_SEARCH_USER_PATHS = NO;
				CLANG_ANALYZER_NONNULL = YES;
				CLANG_ANALYZER_NUMBER_OBJECT_CONVERSION = YES_AGGRESSIVE;
				CLANG_CXX_LANGUAGE_STANDARD = "gnu++14";
				CLANG_CXX_LIBRARY = "libc++";
				CLANG_ENABLE_MODULES = YES;
				CLANG_ENABLE_OBJC_ARC = YES;
				CLANG_ENABLE_OBJC_WEAK = YES;
				CLANG_WARN_BLOCK_CAPTURE_AUTORELEASING = YES;
				CLANG_WARN_BOOL_CONVERSION = YES;
				CLANG_WARN_COMMA = YES;
				CLANG_WARN_CONSTANT_CONVERSION = YES;
				CLANG_WARN_DEPRECATED_OBJC_IMPLEMENTATIONS = YES;
				CLANG_WARN_DIRECT_OBJC_ISA_USAGE = YES_ERROR;
				CLANG_WARN_DOCUMENTATION_COMMENTS = YES;
				CLANG_WARN_EMPTY_BODY = YES;
				CLANG_WARN_ENUM_CONVERSION = YES;
				CLANG_WARN_INFINITE_RECURSION = YES;
				CLANG_WARN_INT_CONVERSION = YES;
				CLANG_WARN_NON_LITERAL_NULL_CONVERSION = YES;
				CLANG_WARN_OBJC_IMPLICIT_RETAIN_SELF = YES;
				CLANG_WARN_OBJC_LITERAL_CONVERSION = YES;
				CLANG_WARN_OBJC_ROOT_CLASS = YES_ERROR;
				CLANG_WARN_RANGE_LOOP_ANALYSIS = YES;
				CLANG_WARN_STRICT_PROTOTYPES = YES;
				CLANG_WARN_SUSPICIOUS_MOVE = YES;
				CLANG_WARN_UNGUARDED_AVAILABILITY = YES_AGGRESSIVE;
				CLANG_WARN_UNREACHABLE_CODE = YES;
				CLANG_WARN__DUPLICATE_METHOD_MATCH = YES;
				CODE_SIGN_IDENTITY = "iPhone Developer";
				COPY_PHASE_STRIP = NO;
				DEBUG_INFORMATION_FORMAT = dwarf;
				ENABLE_STRICT_OBJC_MSGSEND = YES;
				ENABLE_TESTABILITY = YES;
				GCC_C_LANGUAGE_STANDARD = gnu11;
				GCC_DYNAMIC_NO_PIC = NO;
				GCC_NO_COMMON_BLOCKS = YES;
				GCC_OPTIMIZATION_LEVEL = 0;
				GCC_PREPROCESSOR_DEFINITIONS = (
					"DEBUG=1",
					"$(inherited)",
				);
				GCC_WARN_64_TO_32_BIT_CONVERSION = YES;
				GCC_WARN_ABOUT_RETURN_TYPE = YES_ERROR;
				GCC_WARN_UNDECLARED_SELECTOR = YES;
				GCC_WARN_UNINITIALIZED_AUTOS = YES_AGGRESSIVE;
				GCC_WARN_UNUSED_FUNCTION = YES;
				GCC_WARN_UNUSED_VARIABLE = YES;
				IPHONEOS_DEPLOYMENT_TARGET = 9.0;
				MTL_ENABLE_DEBUG_INFO = INCLUDE_SOURCE;
				MTL_FAST_MATH = YES;
				ONLY_ACTIVE_ARCH = YES;
				SDKROOT = iphoneos;
				SWIFT_ACTIVE_COMPILATION_CONDITIONS = DEBUG;
				SWIFT_OPTIMIZATION_LEVEL = "-Onone";
			};
			name = Debug;
		};
		E916A2AE22FD4CBE00F7B1E9 /* Release */ = {
			isa = XCBuildConfiguration;
			buildSettings = {
				ALWAYS_SEARCH_USER_PATHS = NO;
				CLANG_ANALYZER_NONNULL = YES;
				CLANG_ANALYZER_NUMBER_OBJECT_CONVERSION = YES_AGGRESSIVE;
				CLANG_CXX_LANGUAGE_STANDARD = "gnu++14";
				CLANG_CXX_LIBRARY = "libc++";
				CLANG_ENABLE_MODULES = YES;
				CLANG_ENABLE_OBJC_ARC = YES;
				CLANG_ENABLE_OBJC_WEAK = YES;
				CLANG_WARN_BLOCK_CAPTURE_AUTORELEASING = YES;
				CLANG_WARN_BOOL_CONVERSION = YES;
				CLANG_WARN_COMMA = YES;
				CLANG_WARN_CONSTANT_CONVERSION = YES;
				CLANG_WARN_DEPRECATED_OBJC_IMPLEMENTATIONS = YES;
				CLANG_WARN_DIRECT_OBJC_ISA_USAGE = YES_ERROR;
				CLANG_WARN_DOCUMENTATION_COMMENTS = YES;
				CLANG_WARN_EMPTY_BODY = YES;
				CLANG_WARN_ENUM_CONVERSION = YES;
				CLANG_WARN_INFINITE_RECURSION = YES;
				CLANG_WARN_INT_CONVERSION = YES;
				CLANG_WARN_NON_LITERAL_NULL_CONVERSION = YES;
				CLANG_WARN_OBJC_IMPLICIT_RETAIN_SELF = YES;
				CLANG_WARN_OBJC_LITERAL_CONVERSION = YES;
				CLANG_WARN_OBJC_ROOT_CLASS = YES_ERROR;
				CLANG_WARN_RANGE_LOOP_ANALYSIS = YES;
				CLANG_WARN_STRICT_PROTOTYPES = YES;
				CLANG_WARN_SUSPICIOUS_MOVE = YES;
				CLANG_WARN_UNGUARDED_AVAILABILITY = YES_AGGRESSIVE;
				CLANG_WARN_UNREACHABLE_CODE = YES;
				CLANG_WARN__DUPLICATE_METHOD_MATCH = YES;
				CODE_SIGN_IDENTITY = "iPhone Developer";
				COPY_PHASE_STRIP = NO;
				DEBUG_INFORMATION_FORMAT = "dwarf-with-dsym";
				ENABLE_NS_ASSERTIONS = NO;
				ENABLE_STRICT_OBJC_MSGSEND = YES;
				GCC_C_LANGUAGE_STANDARD = gnu11;
				GCC_NO_COMMON_BLOCKS = YES;
				GCC_WARN_64_TO_32_BIT_CONVERSION = NO;
				GCC_WARN_ABOUT_RETURN_TYPE = YES_ERROR;
				GCC_WARN_UNDECLARED_SELECTOR = YES;
				GCC_WARN_UNINITIALIZED_AUTOS = YES_AGGRESSIVE;
				GCC_WARN_UNUSED_FUNCTION = YES;
				GCC_WARN_UNUSED_VARIABLE = YES;
				IPHONEOS_DEPLOYMENT_TARGET = 9.0;
				MTL_ENABLE_DEBUG_INFO = NO;
				MTL_FAST_MATH = YES;
				SDKROOT = iphoneos;
				SWIFT_COMPILATION_MODE = wholemodule;
				SWIFT_OPTIMIZATION_LEVEL = "-O";
				VALIDATE_PRODUCT = YES;
			};
			name = Release;
		};
		E916A2B022FD4CBE00F7B1E9 /* Debug */ = {
			isa = XCBuildConfiguration;
			baseConfigurationReference = A0C639526B624EC5E0CDB9F5 /* Pods-Declarant.debug.xcconfig */;
			buildSettings = {
				ASSETCATALOG_COMPILER_APPICON_NAME = AppIcon;
				CODE_SIGN_STYLE = Automatic;
				DEVELOPMENT_TEAM = MG4HXX9SVN;
				INFOPLIST_FILE = Declarant/Info.plist;
				IPHONEOS_DEPLOYMENT_TARGET = 9.0;
				LD_RUNPATH_SEARCH_PATHS = (
					"$(inherited)",
					"@executable_path/Frameworks",
				);
				PRODUCT_BUNDLE_IDENTIFIER = "Aleksandr-Kryukov.Declarant";
				PRODUCT_NAME = "$(TARGET_NAME)";
				SWIFT_VERSION = 5.0;
				TARGETED_DEVICE_FAMILY = "1,2";
			};
			name = Debug;
		};
		E916A2B122FD4CBE00F7B1E9 /* Release */ = {
			isa = XCBuildConfiguration;
			baseConfigurationReference = D955252643CDF98FA796DCF8 /* Pods-Declarant.release.xcconfig */;
			buildSettings = {
				ASSETCATALOG_COMPILER_APPICON_NAME = AppIcon;
				CODE_SIGN_STYLE = Automatic;
				DEVELOPMENT_TEAM = MG4HXX9SVN;
				INFOPLIST_FILE = Declarant/Info.plist;
				IPHONEOS_DEPLOYMENT_TARGET = 9.0;
				LD_RUNPATH_SEARCH_PATHS = (
					"$(inherited)",
					"@executable_path/Frameworks",
				);
				PRODUCT_BUNDLE_IDENTIFIER = "Aleksandr-Kryukov.Declarant";
				PRODUCT_NAME = "$(TARGET_NAME)";
				SWIFT_VERSION = 5.0;
				TARGETED_DEVICE_FAMILY = "1,2";
			};
			name = Release;
		};
		E916A2B322FD4CBE00F7B1E9 /* Debug */ = {
			isa = XCBuildConfiguration;
			baseConfigurationReference = 6FF35B216E87C3D7D547D2B2 /* Pods-DeclarantTests.debug.xcconfig */;
			buildSettings = {
				ALWAYS_EMBED_SWIFT_STANDARD_LIBRARIES = YES;
				BUNDLE_LOADER = "$(TEST_HOST)";
				CODE_SIGN_STYLE = Automatic;
				DEVELOPMENT_TEAM = MG4HXX9SVN;
				INFOPLIST_FILE = DeclarantTests/Info.plist;
				LD_RUNPATH_SEARCH_PATHS = (
					"$(inherited)",
					"@executable_path/Frameworks",
					"@loader_path/Frameworks",
				);
				PRODUCT_BUNDLE_IDENTIFIER = "Aleksandr-Kryukov.DeclarantTests";
				PRODUCT_NAME = "$(TARGET_NAME)";
				SWIFT_VERSION = 5.0;
				TARGETED_DEVICE_FAMILY = "1,2";
				TEST_HOST = "$(BUILT_PRODUCTS_DIR)/Declarant.app/Declarant";
			};
			name = Debug;
		};
		E916A2B422FD4CBE00F7B1E9 /* Release */ = {
			isa = XCBuildConfiguration;
			baseConfigurationReference = E6D77B068769015B9DE05C85 /* Pods-DeclarantTests.release.xcconfig */;
			buildSettings = {
				ALWAYS_EMBED_SWIFT_STANDARD_LIBRARIES = YES;
				BUNDLE_LOADER = "$(TEST_HOST)";
				CODE_SIGN_STYLE = Automatic;
				DEVELOPMENT_TEAM = MG4HXX9SVN;
				INFOPLIST_FILE = DeclarantTests/Info.plist;
				LD_RUNPATH_SEARCH_PATHS = (
					"$(inherited)",
					"@executable_path/Frameworks",
					"@loader_path/Frameworks",
				);
				PRODUCT_BUNDLE_IDENTIFIER = "Aleksandr-Kryukov.DeclarantTests";
				PRODUCT_NAME = "$(TARGET_NAME)";
				SWIFT_VERSION = 5.0;
				TARGETED_DEVICE_FAMILY = "1,2";
				TEST_HOST = "$(BUILT_PRODUCTS_DIR)/Declarant.app/Declarant";
			};
			name = Release;
		};
		E916A2B622FD4CBE00F7B1E9 /* Debug */ = {
			isa = XCBuildConfiguration;
			baseConfigurationReference = E8EC4DCAD60037EF2B3B8DCE /* Pods-DeclarantUITests.debug.xcconfig */;
			buildSettings = {
				ALWAYS_EMBED_SWIFT_STANDARD_LIBRARIES = YES;
				CODE_SIGN_STYLE = Automatic;
				DEVELOPMENT_TEAM = MG4HXX9SVN;
				INFOPLIST_FILE = DeclarantUITests/Info.plist;
				LD_RUNPATH_SEARCH_PATHS = (
					"$(inherited)",
					"@executable_path/Frameworks",
					"@loader_path/Frameworks",
				);
				PRODUCT_BUNDLE_IDENTIFIER = "Aleksandr-Kryukov.DeclarantUITests";
				PRODUCT_NAME = "$(TARGET_NAME)";
				SWIFT_VERSION = 5.0;
				TARGETED_DEVICE_FAMILY = "1,2";
				TEST_TARGET_NAME = Declarant;
			};
			name = Debug;
		};
		E916A2B722FD4CBE00F7B1E9 /* Release */ = {
			isa = XCBuildConfiguration;
			baseConfigurationReference = E88163E9339A3764596797E0 /* Pods-DeclarantUITests.release.xcconfig */;
			buildSettings = {
				ALWAYS_EMBED_SWIFT_STANDARD_LIBRARIES = YES;
				CODE_SIGN_STYLE = Automatic;
				DEVELOPMENT_TEAM = MG4HXX9SVN;
				INFOPLIST_FILE = DeclarantUITests/Info.plist;
				LD_RUNPATH_SEARCH_PATHS = (
					"$(inherited)",
					"@executable_path/Frameworks",
					"@loader_path/Frameworks",
				);
				PRODUCT_BUNDLE_IDENTIFIER = "Aleksandr-Kryukov.DeclarantUITests";
				PRODUCT_NAME = "$(TARGET_NAME)";
				SWIFT_VERSION = 5.0;
				TARGETED_DEVICE_FAMILY = "1,2";
				TEST_TARGET_NAME = Declarant;
			};
			name = Release;
		};
/* End XCBuildConfiguration section */

/* Begin XCConfigurationList section */
		E916A28222FD4CB500F7B1E9 /* Build configuration list for PBXProject "Declarant" */ = {
			isa = XCConfigurationList;
			buildConfigurations = (
				E916A2AD22FD4CBE00F7B1E9 /* Debug */,
				E916A2AE22FD4CBE00F7B1E9 /* Release */,
			);
			defaultConfigurationIsVisible = 0;
			defaultConfigurationName = Release;
		};
		E916A2AF22FD4CBE00F7B1E9 /* Build configuration list for PBXNativeTarget "Declarant" */ = {
			isa = XCConfigurationList;
			buildConfigurations = (
				E916A2B022FD4CBE00F7B1E9 /* Debug */,
				E916A2B122FD4CBE00F7B1E9 /* Release */,
			);
			defaultConfigurationIsVisible = 0;
			defaultConfigurationName = Release;
		};
		E916A2B222FD4CBE00F7B1E9 /* Build configuration list for PBXNativeTarget "DeclarantTests" */ = {
			isa = XCConfigurationList;
			buildConfigurations = (
				E916A2B322FD4CBE00F7B1E9 /* Debug */,
				E916A2B422FD4CBE00F7B1E9 /* Release */,
			);
			defaultConfigurationIsVisible = 0;
			defaultConfigurationName = Release;
		};
		E916A2B522FD4CBE00F7B1E9 /* Build configuration list for PBXNativeTarget "DeclarantUITests" */ = {
			isa = XCConfigurationList;
			buildConfigurations = (
				E916A2B622FD4CBE00F7B1E9 /* Debug */,
				E916A2B722FD4CBE00F7B1E9 /* Release */,
			);
			defaultConfigurationIsVisible = 0;
			defaultConfigurationName = Release;
		};
/* End XCConfigurationList section */
	};
	rootObject = E916A27F22FD4CB500F7B1E9 /* Project object */;
}
